dependencies:
  espressif/adf_event_hub:
    component_hash: d9591691f40213f78f7a573c41a703189da6c7cf69f09e30d81ce18510a3cdcc
    dependencies: []
    source:
      registry_url: https://components.espressif.com
      type: service
    version: 0.5.0~1
  espressif/cjson:
    component_hash: e788323270d90738662d66fffa910bfe1fba019bba087f01557e70c40485b469
    dependencies:
    - name: idf
      require: private
      version: '>=5.0'
    source:
      registry_url: https://components.espressif.com
      type: service
    version: 1.7.19~2
  espressif/cmake_utilities:
    component_hash: 351350613ceafba240b761b4ea991e0f231ac7a9f59a9ee901f751bddc0bb18f
    dependencies:
    - name: idf
      require: private
      version: '>=4.1'
    source:
      registry_url: https://components.espressif.com
      type: service
    version: 0.5.3
  espressif/eppp_link:
    component_hash: c1369b37f2b0b427b198ae14e07e7547d3da92b95fe4dc7f949e5de560b35f21
    dependencies:
    - name: espressif/esp_serial_slave_link
      registry_url: https://components.espressif.com
      require: private
      version: ^1.1.0
    - name: idf
      require: private
      version: '>=5.2'
    source:
      registry_url: https://components.espressif.com
      type: service
    version: 1.1.6
  espressif/esp_h264:
    component_hash: 3d60078419ceac61cd87579664ae6a5a9b9a42d6f2edf4e23d753af8d2a67da9
    dependencies:
    - name: idf
      require: private
      version: '>=4.4'
    source:
      registry_url: https://components.espressif.com/
      type: service
    targets:
    - esp32s3
    - esp32s31
    - esp32p4
    version: 1.4.1
  espressif/esp_hosted:
    component_hash: 35628bdf316d4cb4f7a918bdcef3fe8e87ccd5808f4b2f042b296adb59b00a27
    dependencies:
    - name: idf
      require: private
      version: '>=5.3'
    source:
      registry_url: https://components.espressif.com/
      type: service
    version: 2.12.2
  espressif/esp_lcd_touch:
    component_hash: 3f85a7d95af876f1a6ecca8eb90a81614890d0f03a038390804e5a77e2caf862
    dependencies:
    - name: idf
      require: private
      version: '>=4.4.2'
    source:
      registry_url: https://components.espressif.com/
      type: service
    version: 1.2.1
  espressif/esp_lcd_touch_gt911:
    component_hash: 6029febef66eefd0910d527d7f30292779ccbf22a8dedd2bd69466acf0068a7b
    dependencies:
    - name: espressif/esp_lcd_touch
      registry_url: https://components.espressif.com
      require: public
      version: ^1.2.0
    - name: idf
      require: private
      version: '>=5.2'
    source:
      registry_url: https://components.espressif.com/
      type: service
    version: 1.2.0~2
  espressif/esp_libsrtp:
    component_hash: 131560184c73ec09f77d8904a2db709307803f0f9f111898921b6966776eac15
    dependencies: []
    source:
      registry_url: https://components.espressif.com
      type: service
    version: 1.0.0
  espressif/esp_lvgl_port:
    component_hash: 378e8c7c11866041ac16a67387c6e44016aea63566613a1321b2f077ee523c53
    dependencies:
    - name: idf
      require: private
      version: '>=4.4'
    - name: lvgl/lvgl
      registry_url: https://components.espressif.com
      require: public
      version: '>=8,<10'
    source:
      registry_url: https://components.espressif.com/
      type: service
    version: 2.4.4
  espressif/esp_media_protocols:
    component_hash: 8d4227d9c46618789d8d3d9eb87ccc999f216d83580c2345c83362178502cafe
    dependencies:
    - name: espressif/esp_libsrtp
      registry_url: https://components.espressif.com
      require: private
      version: ^1.0.0
    - name: espressif/media_lib_sal
      registry_url: https://components.espressif.com
      require: private
      version: ^1.0
    - name: idf
      require: private
      version: '>=5.0'
    source:
      registry_url: https://components.espressif.com
      type: service
    targets:
    - esp32
    - esp32s2
    - esp32s3
    - esp32s31
    - esp32p4
    - esp32c2
    - esp32c3
    - esp32c5
    - esp32c6
    - esp32c61
    - esp32h4
    version: 1.0.3
  espressif/esp_media_service:
    component_hash: 89595ca74b68ad3378ad1490dcb14ea6e9317d8bba9e9c4bf2116c1d27473a5c
    dependencies:
    - name: espressif/cjson
      registry_url: https://components.espressif.com
      require: private
      version: '*'
    - name: espressif/esp_service
      registry_url: https://components.espressif.com
      require: private
      version: ^0.5
    - name: espressif/gmf_core
      registry_url: https://components.espressif.com
      require: private
      version: ^1.0
    source:
      registry_url: https://components.espressif.com
      type: service
    version: 0.5.3
  espressif/esp_rtsp_service:
    component_hash: e352d8cad38f9c07178c1218c805307ab5f23cb127704216ba978f0b5ef6947c
    dependencies:
    - name: espressif/cjson
      registry_url: https://components.espressif.com
      require: private
      version: '*'
    - name: espressif/esp_media_protocols
      registry_url: https://components.espressif.com
      require: private
      version: ~1.0
    - name: espressif/esp_media_service
      registry_url: https://components.espressif.com
      require: private
      version: ~0.5
    - name: espressif/esp_service
      registry_url: https://components.espressif.com
      require: private
      version: ~0.5
    - name: espressif/gmf_core
      registry_url: https://components.espressif.com
      require: private
      version: ~1.0
    - name: espressif/media_lib_sal
      registry_url: https://components.espressif.com
      require: private
      version: ~1.0
    source:
      registry_url: https://components.espressif.com/
      type: service
    version: 0.5.1
  espressif/esp_serial_slave_link:
    component_hash: ac1776806de0a6e371c84e87898bb983e19ce62aa7f1e2e5c4a3b0234a575d2c
    dependencies:
    - name: idf
      require: private
      version: '>=5.0'
    source:
      registry_url: https://components.espressif.com
      type: service
    version: 1.1.2
  espressif/esp_service:
    component_hash: fc6b37deb2d902cd026c76c8fe0fe455c9ec8c5fe44c9b63534b46e96ada286f
    dependencies:
    - name: espressif/adf_event_hub
      registry_url: https://components.espressif.com
      require: private
      version: ^0.5
    - name: espressif/cjson
      registry_url: https://components.espressif.com
      require: private
      version: ^1.7.19
    source:
      registry_url: https://components.espressif.com
      type: service
    version: 0.5.3
  espressif/esp_wifi_remote:
    component_hash: faa185898a843b9d7d0456e4094a3b5f1491a48ddd57ce0e5179e13ac6243f2c
    dependencies:
    - name: espressif/esp_hosted
      registry_url: https://components.espressif.com
      require: private
      rules:
      - if: target in [esp32h2, esp32p4]
      version: '>=2.11'
    - name: espressif/wifi_remote_over_eppp
      registry_url: https://components.espressif.com
      require: private
      version: '>=0.1'
    - name: idf
      require: private
      version: '>=5.3'
    source:
      registry_url: https://components.espressif.com/
      type: service
    version: 1.6.5
  espressif/gmf_core:
    component_hash: 025de674bdfaec7b9d98019f904e91d59318a6ed4e47baef134c136b98a7a745
    dependencies: []
    source:
      registry_url: https://components.espressif.com
      type: service
    version: 1.0.2
  espressif/i2c_bus:
    component_hash: 483112c1619c54c38d0b734fb25f1678733267858a77b7af2f48cc7db6dbbd84
    dependencies:
    - name: espressif/cmake_utilities
      registry_url: https://components.espressif.com
      require: private
      version: '*'
    - name: idf
      require: private
      version: '>=4.0'
    source:
      registry_url: https://components.espressif.com
      type: service
    version: 1.5.2
  espressif/media_lib_sal:
    component_hash: af39cd5a569f9125ae4782609cd60a2449887df675cba2359a426d480bb560d1
    dependencies:
    - name: idf
      require: private
      version: '>=5.1'
    source:
      registry_url: https://components.espressif.com
      type: service
    version: 1.0.2
  espressif/wifi_remote_over_eppp:
    component_hash: 1fd6968af20f0b19e421f6b519b0a8caf81d689afc3783b564c28559e45f66ef
    dependencies:
    - name: espressif/eppp_link
      registry_url: https://components.espressif.com
      require: private
      version: '>=0.1'
    - name: idf
      require: private
      version: '>=5.3'
    source:
      registry_url: https://components.espressif.com
      type: service
    version: 0.3.3
  idf:
    source:
      type: idf
    version: 5.5.5
  lvgl/lvgl:
    component_hash: 096c69af22eaf8a2b721e3913da91918c5e6bf1a762a113ec01f401aa61337a0
    dependencies: []
    source:
      registry_url: https://components.espressif.com/
      type: service
    version: 9.2.2
  waveshare/esp_lcd_jd9365_10_1:
    component_hash: 71ec315454a6d0dc628b589979ec5044f671e6f0a3126ec3b25f97a022c1bc05
    dependencies:
    - name: espressif/cmake_utilities
      registry_url: https://components.espressif.com
      require: private
      version: 0.*
    - name: espressif/i2c_bus
      registry_url: https://components.espressif.com
      require: private
      version: ^1.3.0
    - name: idf
      require: private
      version: '>=5.3'
    source:
      registry_url: https://components.espressif.com/
      type: service
    targets:
    - esp32p4
    version: 2.0.0
direct_dependencies:
- espressif/esp_h264
- espressif/esp_hosted
- espressif/esp_lcd_touch
- espressif/esp_lcd_touch_gt911
- espressif/esp_lvgl_port
- espressif/esp_rtsp_service
- espressif/esp_wifi_remote
- idf
- lvgl/lvgl
- waveshare/esp_lcd_jd9365_10_1
manifest_hash: 871aec050733e09ea68fedd178860f17acc46bff59c08e8a145d67449687c201
target: esp32p4
version: 2.0.0
